
Microsoft Visual Studio Solution File, Format Version 12.00
# Visual Studio 2013
VisualStudioVersion = 12.0.31101.0
MinimumVisualStudioVersion = 10.0.40219.1
Project("{FAE04EC0-301F-11D3-BF4B-00C04F79EFBC}") = "TaidouDatabase", "TaidouDatabase\TaidouDatabase.csproj", "{7F0B6A6A-58E6-4264-A366-E600E795E0AD}"
EndProject
Global
	GlobalSection(SolutionConfigurationPlatforms) = preSolution
		Debug|Any CPU = Debug|Any CPU
		Release|Any CPU = Release|Any CPU
	EndGlobalSection
	GlobalSection(ProjectConfigurationPlatforms) = postSolution
		{7F0B6A6A-58E6-4264-A366-E600E795E0AD}.Debug|Any CPU.ActiveCfg = Debug|Any CPU
		{7F0B6A6A-58E6-4264-A366-E600E795E0AD}.Debug|Any CPU.Build.0 = Debug|Any CPU
		{7F0B6A6A-58E6-4264-A366-E600E795E0AD}.Release|Any CPU.ActiveCfg = Release|Any CPU
		{7F0B6A6A-58E6-4264-A366-E600E795E0AD}.Release|Any CPU.Build.0 = Release|Any CPU
	EndGlobalSection
	GlobalSection(SolutionProperties) = preSolution
		HideSolutionNode = FALSE
	EndGlobalSection
EndGlobal
